// !$*UTF8*$!
{
	archiveVersion = 1;
	classes = {
	};
	objectVersion = 56;
	objects = {

/* Begin PBXBuildFile section */
		3B37F4B72BD592EF00223D89 /* MoviesDBApp.swift in Sources */ = {isa = PBXBuildFile; fileRef = 3B37F4B62BD592EF00223D89 /* MoviesDBApp.swift */; };
		3B37F4BB2BD592F100223D89 /* Assets.xcassets in Resources */ = {isa = PBXBuildFile; fileRef = 3B37F4BA2BD592F100223D89 /* Assets.xcassets */; };
		3B37F4BE2BD592F100223D89 /* Preview Assets.xcassets in Resources */ = {isa = PBXBuildFile; fileRef = 3B37F4BD2BD592F100223D89 /* Preview Assets.xcassets */; };
		3B7ECBD82BD5D95C004F2A42 /* ComposableArchitecture in Frameworks */ = {isa = PBXBuildFile; productRef = 3B7ECBD72BD5D95C004F2A42 /* ComposableArchitecture */; };
		3B7ECBDF2BD5D983004F2A42 /* Models in Frameworks */ = {isa = PBXBuildFile; productRef = 3B7ECBDE2BD5D983004F2A42 /* Models */; };
		3B7ECBE12BD5D983004F2A42 /* Networking in Frameworks */ = {isa = PBXBuildFile; productRef = 3B7ECBE02BD5D983004F2A42 /* Networking */; };
		3B7ECBE52BD5D983004F2A42 /* Utility in Frameworks */ = {isa = PBXBuildFile; productRef = 3B7ECBE42BD5D983004F2A42 /* Utility */; };
		3B7ECBF52BD69916004F2A42 /* AppFeature.swift in Sources */ = {isa = PBXBuildFile; fileRef = 3B7ECBF42BD69916004F2A42 /* AppFeature.swift */; };
		3B7ECBF72BD69F7D004F2A42 /* AppView.swift in Sources */ = {isa = PBXBuildFile; fileRef = 3B7ECBF62BD69F7D004F2A42 /* AppView.swift */; };
		3B7ECBF92BD7D06A004F2A42 /* Favorites in Frameworks */ = {isa = PBXBuildFile; productRef = 3B7ECBF82BD7D06A004F2A42 /* Favorites */; };
		3B7ECBFB2BD7D06A004F2A42 /* MediaDetails in Frameworks */ = {isa = PBXBuildFile; productRef = 3B7ECBFA2BD7D06A004F2A42 /* MediaDetails */; };
		3B7ECBFD2BD7D06A004F2A42 /* MediaList in Frameworks */ = {isa = PBXBuildFile; productRef = 3B7ECBFC2BD7D06A004F2A42 /* MediaList */; };
		3B7ECBFF2BD7D06A004F2A42 /* Shared in Frameworks */ = {isa = PBXBuildFile; productRef = 3B7ECBFE2BD7D06A004F2A42 /* Shared */; };
		3B7ECC012BD7E91A004F2A42 /* Home in Frameworks */ = {isa = PBXBuildFile; productRef = 3B7ECC002BD7E91A004F2A42 /* Home */; };
/* End PBXBuildFile section */

/* Begin PBXFileReference section */
		3B37F4B32BD592EF00223D89 /* MoviesDB.app */ = {isa = PBXFileReference; explicitFileType = wrapper.application; includeInIndex = 0; path = MoviesDB.app; sourceTree = BUILT_PRODUCTS_DIR; };
		3B37F4B62BD592EF00223D89 /* MoviesDBApp.swift */ = {isa = PBXFileReference; lastKnownFileType = sourcecode.swift; path = MoviesDBApp.swift; sourceTree = "<group>"; };
		3B37F4BA2BD592F100223D89 /* Assets.xcassets */ = {isa = PBXFileReference; lastKnownFileType = folder.assetcatalog; path = Assets.xcassets; sourceTree = "<group>"; };
		3B37F4BD2BD592F100223D89 /* Preview Assets.xcassets */ = {isa = PBXFileReference; lastKnownFileType = folder.assetcatalog; path = "Preview Assets.xcassets"; sourceTree = "<group>"; };
		3B37F4C42BD5932F00223D89 /* Modules */ = {isa = PBXFileReference; lastKnownFileType = wrapper; path = Modules; sourceTree = "<group>"; };
		3B7ECBF22BD690F6004F2A42 /* Info.plist */ = {isa = PBXFileReference; lastKnownFileType = text.plist.xml; path = Info.plist; sourceTree = "<group>"; };
		3B7ECBF42BD69916004F2A42 /* AppFeature.swift */ = {isa = PBXFileReference; lastKnownFileType = sourcecode.swift; path = AppFeature.swift; sourceTree = "<group>"; };
		3B7ECBF62BD69F7D004F2A42 /* AppView.swift */ = {isa = PBXFileReference; lastKnownFileType = sourcecode.swift; path = AppView.swift; sourceTree = "<group>"; };
/* End PBXFileReference section */

/* Begin PBXFrameworksBuildPhase section */
		3B37F4B02BD592EF00223D89 /* Frameworks */ = {
			isa = PBXFrameworksBuildPhase;
			buildActionMask = 2147483647;
			files = (
				3B7ECBDF2BD5D983004F2A42 /* Models in Frameworks */,
				3B7ECBFD2BD7D06A004F2A42 /* MediaList in Frameworks */,
				3B7ECBF92BD7D06A004F2A42 /* Favorites in Frameworks */,
				3B7ECBFB2BD7D06A004F2A42 /* MediaDetails in Frameworks */,
				3B7ECBE12BD5D983004F2A42 /* Networking in Frameworks */,
				3B7ECBFF2BD7D06A004F2A42 /* Shared in Frameworks */,
				3B7ECBD82BD5D95C004F2A42 /* ComposableArchitecture in Frameworks */,
				3B7ECBE52BD5D983004F2A42 /* Utility in Frameworks */,
				3B7ECC012BD7E91A004F2A42 /* Home in Frameworks */,
			);
			runOnlyForDeploymentPostprocessing = 0;
		};
/* End PBXFrameworksBuildPhase section */

/* Begin PBXGroup section */
		3B37F4AA2BD592EF00223D89 = {
			isa = PBXGroup;
			children = (
				3B37F4C42BD5932F00223D89 /* Modules */,
				3B37F4B52BD592EF00223D89 /* MoviesDB */,
				3B37F4B42BD592EF00223D89 /* Products */,
				3B7ECBD92BD5D983004F2A42 /* Frameworks */,
			);
			sourceTree = "<group>";
		};
		3B37F4B42BD592EF00223D89 /* Products */ = {
			isa = PBXGroup;
			children = (
				3B37F4B32BD592EF00223D89 /* MoviesDB.app */,
			);
			name = Products;
			sourceTree = "<group>";
		};
		3B37F4B52BD592EF00223D89 /* MoviesDB */ = {
			isa = PBXGroup;
			children = (
				3B7ECBF22BD690F6004F2A42 /* Info.plist */,
				3B37F4B62BD592EF00223D89 /* MoviesDBApp.swift */,
				3B37F4BA2BD592F100223D89 /* Assets.xcassets */,
				3B7ECBF32BD698B3004F2A42 /* App */,
				3B37F4BC2BD592F100223D89 /* Preview Content */,
			);
			path = MoviesDB;
			sourceTree = "<group>";
		};
		3B37F4BC2BD592F100223D89 /* Preview Content */ = {
			isa = PBXGroup;
			children = (
				3B37F4BD2BD592F100223D89 /* Preview Assets.xcassets */,
			);
			path = "Preview Content";
			sourceTree = "<group>";
		};
		3B7ECBD92BD5D983004F2A42 /* Frameworks */ = {
			isa = PBXGroup;
			children = (
			);
			name = Frameworks;
			sourceTree = "<group>";
		};
		3B7ECBF32BD698B3004F2A42 /* App */ = {
			isa = PBXGroup;
			children = (
				3B7ECBF42BD69916004F2A42 /* AppFeature.swift */,
				3B7ECBF62BD69F7D004F2A42 /* AppView.swift */,
			);
			path = App;
			sourceTree = "<group>";
		};
/* End PBXGroup section */

/* Begin PBXNativeTarget section */
		3B37F4B22BD592EF00223D89 /* MoviesDB */ = {
			isa = PBXNativeTarget;
			buildConfigurationList = 3B37F4C12BD592F100223D89 /* Build configuration list for PBXNativeTarget "MoviesDB" */;
			buildPhases = (
				3B37F4AF2BD592EF00223D89 /* Sources */,
				3B37F4B02BD592EF00223D89 /* Frameworks */,
				3B37F4B12BD592EF00223D89 /* Resources */,
			);
			buildRules = (
			);
			dependencies = (
			);
			name = MoviesDB;
			packageProductDependencies = (
				3B7ECBD72BD5D95C004F2A42 /* ComposableArchitecture */,
				3B7ECBDE2BD5D983004F2A42 /* Models */,
				3B7ECBE02BD5D983004F2A42 /* Networking */,
				3B7ECBE42BD5D983004F2A42 /* Utility */,
				3B7ECBF82BD7D06A004F2A42 /* Favorites */,
				3B7ECBFA2BD7D06A004F2A42 /* MediaDetails */,
				3B7ECBFC2BD7D06A004F2A42 /* MediaList */,
				3B7ECBFE2BD7D06A004F2A42 /* Shared */,
				3B7ECC002BD7E91A004F2A42 /* Home */,
			);
			productName = MoviesDB;
			productReference = 3B37F4B32BD592EF00223D89 /* MoviesDB.app */;
			productType = "com.apple.product-type.application";
		};
/* End PBXNativeTarget section */

/* Begin PBXProject section */
		3B37F4AB2BD592EF00223D89 /* Project object */ = {
			isa = PBXProject;
			attributes = {
				BuildIndependentTargetsInParallel = 1;
				LastSwiftUpdateCheck = 1530;
				LastUpgradeCheck = 1530;
				TargetAttributes = {
					3B37F4B22BD592EF00223D89 = {
						CreatedOnToolsVersion = 15.3;
					};
				};
			};
			buildConfigurationList = 3B37F4AE2BD592EF00223D89 /* Build configuration list for PBXProject "MoviesDB" */;
			compatibilityVersion = "Xcode 14.0";
			developmentRegion = en;
			hasScannedForEncodings = 0;
			knownRegions = (
				en,
				Base,
			);
			mainGroup = 3B37F4AA2BD592EF00223D89;
			packageReferences = (
				3B7ECBD62BD5D95C004F2A42 /* XCRemoteSwiftPackageReference "swift-composable-architecture" */,
			);
			productRefGroup = 3B37F4B42BD592EF00223D89 /* Products */;
			projectDirPath = "";
			projectRoot = "";
			targets = (
				3B37F4B22BD592EF00223D89 /* MoviesDB */,
			);
		};
/* End PBXProject section */

/* Begin PBXResourcesBuildPhase section */
		3B37F4B12BD592EF00223D89 /* Resources */ = {
			isa = PBXResourcesBuildPhase;
			buildActionMask = 2147483647;
			files = (
				3B37F4BE2BD592F100223D89 /* Preview Assets.xcassets in Resources */,
				3B37F4BB2BD592F100223D89 /* Assets.xcassets in Resources */,
			);
			runOnlyForDeploymentPostprocessing = 0;
		};
/* End PBXResourcesBuildPhase section */

/* Begin PBXSourcesBuildPhase section */
		3B37F4AF2BD592EF00223D89 /* Sources */ = {
			isa = PBXSourcesBuildPhase;
			buildActionMask = 2147483647;
			files = (
				3B7ECBF52BD69916004F2A42 /* AppFeature.swift in Sources */,
				3B37F4B72BD592EF00223D89 /* MoviesDBApp.swift in Sources */,
				3B7ECBF72BD69F7D004F2A42 /* AppView.swift in Sources */,
			);
			runOnlyForDeploymentPostprocessing = 0;
		};
/* End PBXSourcesBuildPhase section */

/* Begin XCBuildConfiguration section */
		3B37F4BF2BD592F100223D89 /* Debug */ = {
			isa = XCBuildConfiguration;
			buildSettings = {
				ALWAYS_SEARCH_USER_PATHS = NO;
				ASSETCATALOG_COMPILER_GENERATE_SWIFT_ASSET_SYMBOL_EXTENSIONS = YES;
				CLANG_ANALYZER_NONNULL = YES;
				CLANG_ANALYZER_NUMBER_OBJECT_CONVERSION = YES_AGGRESSIVE;
				CLANG_CXX_LANGUAGE_STANDARD = "gnu++20";
				CLANG_ENABLE_MODULES = YES;
				CLANG_ENABLE_OBJC_ARC = YES;
				CLANG_ENABLE_OBJC_WEAK = YES;
				CLANG_WARN_BLOCK_CAPTURE_AUTORELEASING = YES;
				CLANG_WARN_BOOL_CONVERSION = YES;
				CLANG_WARN_COMMA = YES;
				CLANG_WARN_CONSTANT_CONVERSION = YES;
				CLANG_WARN_DEPRECATED_OBJC_IMPLEMENTATIONS = YES;
				CLANG_WARN_DIRECT_OBJC_ISA_USAGE = YES_ERROR;
				CLANG_WARN_DOCUMENTATION_COMMENTS = YES;
				CLANG_WARN_EMPTY_BODY = YES;
				CLANG_WARN_ENUM_CONVERSION = YES;
				CLANG_WARN_INFINITE_RECURSION = YES;
				CLANG_WARN_INT_CONVERSION = YES;
				CLANG_WARN_NON_LITERAL_NULL_CONVERSION = YES;
				CLANG_WARN_OBJC_IMPLICIT_RETAIN_SELF = YES;
				CLANG_WARN_OBJC_LITERAL_CONVERSION = YES;
				CLANG_WARN_OBJC_ROOT_CLASS = YES_ERROR;
				CLANG_WARN_QUOTED_INCLUDE_IN_FRAMEWORK_HEADER = YES;
				CLANG_WARN_RANGE_LOOP_ANALYSIS = YES;
				CLANG_WARN_STRICT_PROTOTYPES = YES;
				CLANG_WARN_SUSPICIOUS_MOVE = YES;
				CLANG_WARN_UNGUARDED_AVAILABILITY = YES_AGGRESSIVE;
				CLANG_WARN_UNREACHABLE_CODE = YES;
				CLANG_WARN__DUPLICATE_METHOD_MATCH = YES;
				COPY_PHASE_STRIP = NO;
				DEBUG_INFORMATION_FORMAT = dwarf;
				ENABLE_STRICT_OBJC_MSGSEND = YES;
				ENABLE_TESTABILITY = YES;
				ENABLE_USER_SCRIPT_SANDBOXING = YES;
				GCC_C_LANGUAGE_STANDARD = gnu17;
				GCC_DYNAMIC_NO_PIC = NO;
				GCC_NO_COMMON_BLOCKS = YES;
				GCC_OPTIMIZATION_LEVEL = 0;
				GCC_PREPROCESSOR_DEFINITIONS = (
					"DEBUG=1",
					"$(inherited)",
				);
				GCC_WARN_64_TO_32_BIT_CONVERSION = YES;
				GCC_WARN_ABOUT_RETURN_TYPE = YES_ERROR;
				GCC_WARN_UNDECLARED_SELECTOR = YES;
				GCC_WARN_UNINITIALIZED_AUTOS = YES_AGGRESSIVE;
				GCC_WARN_UNUSED_FUNCTION = YES;
				GCC_WARN_UNUSED_VARIABLE = YES;
				IPHONEOS_DEPLOYMENT_TARGET = 17.4;
				LOCALIZATION_PREFERS_STRING_CATALOGS = YES;
				MTL_ENABLE_DEBUG_INFO = INCLUDE_SOURCE;
				MTL_FAST_MATH = YES;
				ONLY_ACTIVE_ARCH = YES;
				SDKROOT = iphoneos;
				SWIFT_ACTIVE_COMPILATION_CONDITIONS = "DEBUG $(inherited)";
				SWIFT_OPTIMIZATION_LEVEL = "-Onone";
			};
			name = Debug;
		};
		3B37F4C02BD592F100223D89 /* Release */ = {
			isa = XCBuildConfiguration;
			buildSettings = {
				ALWAYS_SEARCH_USER_PATHS = NO;
				ASSETCATALOG_COMPILER_GENERATE_SWIFT_ASSET_SYMBOL_EXTENSIONS = YES;
				CLANG_ANALYZER_NONNULL = YES;
				CLANG_ANALYZER_NUMBER_OBJECT_CONVERSION = YES_AGGRESSIVE;
				CLANG_CXX_LANGUAGE_STANDARD = "gnu++20";
				CLANG_ENABLE_MODULES = YES;
				CLANG_ENABLE_OBJC_ARC = YES;
				CLANG_ENABLE_OBJC_WEAK = YES;
				CLANG_WARN_BLOCK_CAPTURE_AUTORELEASING = YES;
				CLANG_WARN_BOOL_CONVERSION = YES;
				CLANG_WARN_COMMA = YES;
				CLANG_WARN_CONSTANT_CONVERSION = YES;
				CLANG_WARN_DEPRECATED_OBJC_IMPLEMENTATIONS = YES;
				CLANG_WARN_DIRECT_OBJC_ISA_USAGE = YES_ERROR;
				CLANG_WARN_DOCUMENTATION_COMMENTS = YES;
				CLANG_WARN_EMPTY_BODY = YES;
				CLANG_WARN_ENUM_CONVERSION = YES;
				CLANG_WARN_INFINITE_RECURSION = YES;
				CLANG_WARN_INT_CONVERSION = YES;
				CLANG_WARN_NON_LITERAL_NULL_CONVERSION = YES;
				CLANG_WARN_OBJC_IMPLICIT_RETAIN_SELF = YES;
				CLANG_WARN_OBJC_LITERAL_CONVERSION = YES;
				CLANG_WARN_OBJC_ROOT_CLASS = YES_ERROR;
				CLANG_WARN_QUOTED_INCLUDE_IN_FRAMEWORK_HEADER = YES;
				CLANG_WARN_RANGE_LOOP_ANALYSIS = YES;
				CLANG_WARN_STRICT_PROTOTYPES = YES;
				CLANG_WARN_SUSPICIOUS_MOVE = YES;
				CLANG_WARN_UNGUARDED_AVAILABILITY = YES_AGGRESSIVE;
				CLANG_WARN_UNREACHABLE_CODE = YES;
				CLANG_WARN__DUPLICATE_METHOD_MATCH = YES;
				COPY_PHASE_STRIP = NO;
				DEBUG_INFORMATION_FORMAT = "dwarf-with-dsym";
				ENABLE_NS_ASSERTIONS = NO;
				ENABLE_STRICT_OBJC_MSGSEND = YES;
				ENABLE_USER_SCRIPT_SANDBOXING = YES;
				GCC_C_LANGUAGE_STANDARD = gnu17;
				GCC_NO_COMMON_BLOCKS = YES;
				GCC_WARN_64_TO_32_BIT_CONVERSION = YES;
				GCC_WARN_ABOUT_RETURN_TYPE = YES_ERROR;
				GCC_WARN_UNDECLARED_SELECTOR = YES;
				GCC_WARN_UNINITIALIZED_AUTOS = YES_AGGRESSIVE;
				GCC_WARN_UNUSED_FUNCTION = YES;
				GCC_WARN_UNUSED_VARIABLE = YES;
				IPHONEOS_DEPLOYMENT_TARGET = 17.4;
				LOCALIZATION_PREFERS_STRING_CATALOGS = YES;
				MTL_ENABLE_DEBUG_INFO = NO;
				MTL_FAST_MATH = YES;
				SDKROOT = iphoneos;
				SWIFT_COMPILATION_MODE = wholemodule;
				VALIDATE_PRODUCT = YES;
			};
			name = Release;
		};
		3B37F4C22BD592F100223D89 /* Debug */ = {
			isa = XCBuildConfiguration;
			buildSettings = {
				ASSETCATALOG_COMPILER_APPICON_NAME = AppIcon;
				ASSETCATALOG_COMPILER_GLOBAL_ACCENT_COLOR_NAME = AccentColor;
				CODE_SIGN_STYLE = Automatic;
				CURRENT_PROJECT_VERSION = 1;
				DEVELOPMENT_ASSET_PATHS = "\"MoviesDB/Preview Content\"";
				ENABLE_PREVIEWS = YES;
				GENERATE_INFOPLIST_FILE = YES;
				INFOPLIST_FILE = MoviesDB/Info.plist;
				INFOPLIST_KEY_UIApplicationSceneManifest_Generation = YES;
				INFOPLIST_KEY_UIApplicationSupportsIndirectInputEvents = YES;
				INFOPLIST_KEY_UILaunchScreen_Generation = YES;
				INFOPLIST_KEY_UISupportedInterfaceOrientations_iPad = "UIInterfaceOrientationPortrait UIInterfaceOrientationPortraitUpsideDown UIInterfaceOrientationLandscapeLeft UIInterfaceOrientationLandscapeRight";
				INFOPLIST_KEY_UISupportedInterfaceOrientations_iPhone = "UIInterfaceOrientationPortrait UIInterfaceOrientationLandscapeLeft UIInterfaceOrientationLandscapeRight";
				LD_RUNPATH_SEARCH_PATHS = (
					"$(inherited)",
					"@executable_path/Frameworks",
				);
				MARKETING_VERSION = 1.0;
				PRODUCT_BUNDLE_IDENTIFIER = com.shutterfly.MoviesDB;
				PRODUCT_NAME = "$(TARGET_NAME)";
				SWIFT_EMIT_LOC_STRINGS = YES;
				SWIFT_VERSION = 5.0;
				TARGETED_DEVICE_FAMILY = "1,2";
			};
			name = Debug;
		};
		3B37F4C32BD592F100223D89 /* Release */ = {
			isa = XCBuildConfiguration;
			buildSettings = {
				ASSETCATALOG_COMPILER_APPICON_NAME = AppIcon;
				ASSETCATALOG_COMPILER_GLOBAL_ACCENT_COLOR_NAME = AccentColor;
				CODE_SIGN_STYLE = Automatic;
				CURRENT_PROJECT_VERSION = 1;
				DEVELOPMENT_ASSET_PATHS = "\"MoviesDB/Preview Content\"";
				ENABLE_PREVIEWS = YES;
				GENERATE_INFOPLIST_FILE = YES;
				INFOPLIST_FILE = MoviesDB/Info.plist;
				INFOPLIST_KEY_UIApplicationSceneManifest_Generation = YES;
				INFOPLIST_KEY_UIApplicationSupportsIndirectInputEvents = YES;
				INFOPLIST_KEY_UILaunchScreen_Generation = YES;
				INFOPLIST_KEY_UISupportedInterfaceOrientations_iPad = "UIInterfaceOrientationPortrait UIInterfaceOrientationPortraitUpsideDown UIInterfaceOrientationLandscapeLeft UIInterfaceOrientationLandscapeRight";
				INFOPLIST_KEY_UISupportedInterfaceOrientations_iPhone = "UIInterfaceOrientationPortrait UIInterfaceOrientationLandscapeLeft UIInterfaceOrientationLandscapeRight";
				LD_RUNPATH_SEARCH_PATHS = (
					"$(inherited)",
					"@executable_path/Frameworks",
				);
				MARKETING_VERSION = 1.0;
				PRODUCT_BUNDLE_IDENTIFIER = com.shutterfly.MoviesDB;
				PRODUCT_NAME = "$(TARGET_NAME)";
				SWIFT_EMIT_LOC_STRINGS = YES;
				SWIFT_VERSION = 5.0;
				TARGETED_DEVICE_FAMILY = "1,2";
			};
			name = Release;
		};
/* End XCBuildConfiguration section */

/* Begin XCConfigurationList section */
		3B37F4AE2BD592EF00223D89 /* Build configuration list for PBXProject "MoviesDB" */ = {
			isa = XCConfigurationList;
			buildConfigurations = (
				3B37F4BF2BD592F100223D89 /* Debug */,
				3B37F4C02BD592F100223D89 /* Release */,
			);
			defaultConfigurationIsVisible = 0;
			defaultConfigurationName = Release;
		};
		3B37F4C12BD592F100223D89 /* Build configuration list for PBXNativeTarget "MoviesDB" */ = {
			isa = XCConfigurationList;
			buildConfigurations = (
				3B37F4C22BD592F100223D89 /* Debug */,
				3B37F4C32BD592F100223D89 /* Release */,
			);
			defaultConfigurationIsVisible = 0;
			defaultConfigurationName = Release;
		};
/* End XCConfigurationList section */

/* Begin XCRemoteSwiftPackageReference section */
		3B7ECBD62BD5D95C004F2A42 /* XCRemoteSwiftPackageReference "swift-composable-architecture" */ = {
			isa = XCRemoteSwiftPackageReference;
			repositoryURL = "https://github.com/pointfreeco/swift-composable-architecture";
			requirement = {
				kind = upToNextMajorVersion;
				minimumVersion = 1.9.3;
			};
		};
/* End XCRemoteSwiftPackageReference section */

/* Begin XCSwiftPackageProductDependency section */
		3B7ECBD72BD5D95C004F2A42 /* ComposableArchitecture */ = {
			isa = XCSwiftPackageProductDependency;
			package = 3B7ECBD62BD5D95C004F2A42 /* XCRemoteSwiftPackageReference "swift-composable-architecture" */;
			productName = ComposableArchitecture;
		};
		3B7ECBDE2BD5D983004F2A42 /* Models */ = {
			isa = XCSwiftPackageProductDependency;
			productName = Models;
		};
		3B7ECBE02BD5D983004F2A42 /* Networking */ = {
			isa = XCSwiftPackageProductDependency;
			productName = Networking;
		};
		3B7ECBE42BD5D983004F2A42 /* Utility */ = {
			isa = XCSwiftPackageProductDependency;
			productName = Utility;
		};
		3B7ECBF82BD7D06A004F2A42 /* Favorites */ = {
			isa = XCSwiftPackageProductDependency;
			productName = Favorites;
		};
		3B7ECBFA2BD7D06A004F2A42 /* MediaDetails */ = {
			isa = XCSwiftPackageProductDependency;
			productName = MediaDetails;
		};
		3B7ECBFC2BD7D06A004F2A42 /* MediaList */ = {
			isa = XCSwiftPackageProductDependency;
			productName = MediaList;
		};
		3B7ECBFE2BD7D06A004F2A42 /* Shared */ = {
			isa = XCSwiftPackageProductDependency;
			productName = Shared;
		};
		3B7ECC002BD7E91A004F2A42 /* Home */ = {
			isa = XCSwiftPackageProductDependency;
			productName = Home;
		};
/* End XCSwiftPackageProductDependency section */
	};
	rootObject = 3B37F4AB2BD592EF00223D89 /* Project object */;
}
